<?xml version="1.0" encoding="utf-8"?>
<Project ToolsVersion="4.0" xmlns="http://schemas.microsoft.com/developer/msbuild/2003">
  <ItemGroup>
    <Filter Include="src">
      <UniqueIdentifier>{948835d9-7817-4f3e-9af1-65d036f0bd0b}</UniqueIdentifier>
    </Filter>
    <Filter Include="libamdhsacode">
      <UniqueIdentifier>{ec0f6d65-cbd2-4ba0-b7db-8fa6f641b9bc}</UniqueIdentifier>
    </Filter>
    <Filter Include="include">
      <UniqueIdentifier>{57130583-1c54-4982-97c0-108e234a31ea}</UniqueIdentifier>
    </Filter>
    <Filter Include="kernel">
      <UniqueIdentifier>{1c9b3b59-6ec6-4284-a87e-d7bacc58ccda}</UniqueIdentifier>
    </Filter>
  </ItemGroup>
  <ItemGroup>
    <ClInclude Include="libamdhsacode\amd_hsa_code.hpp">
      <Filter>libamdhsacode</Filter>
    </ClInclude>
    <ClInclude Include="src\kmthsa.h">
      <Filter>src</Filter>
    </ClInclude>
    <ClInclude Include="include\hsakmt.h">
      <Filter>include</Filter>
    </ClInclude>
    <ClInclude Include="include\hsakmttypes.h">
      <Filter>include</Filter>
    </ClInclude>
    <ClInclude Include="include\linux\kfd_ioctl.h">
      <Filter>include</Filter>
    </ClInclude>
    <ClInclude Include="libamdhsacode\amd_elf_image.hpp">
      <Filter>libamdhsacode</Filter>
    </ClInclude>
    <ClInclude Include="libamdhsacode\amd_hsa_elf.h">
      <Filter>libamdhsacode</Filter>
    </ClInclude>
    <ClInclude Include="libamdhsacode\amd_hsa_common.h">
      <Filter>libamdhsacode</Filter>
    </ClInclude>
    <ClInclude Include="libamdhsacode\amd_hsa_kernel_code.h">
      <Filter>libamdhsacode</Filter>
    </ClInclude>
    <ClInclude Include="libamdhsacode\hsa.h">
      <Filter>libamdhsacode</Filter>
    </ClInclude>
    <ClInclude Include="libamdhsacode\hsa_ext_finalize.h">
      <Filter>libamdhsacode</Filter>
    </ClInclude>
    <ClInclude Include="libamdhsacode\amd_hsa_code_util.hpp">
      <Filter>libamdhsacode</Filter>
    </ClInclude>
    <ClInclude Include="libamdhsacode\Brig.h">
      <Filter>libamdhsacode</Filter>
    </ClInclude>
  </ItemGroup>
  <ItemGroup>
    <ClCompile Include="src\main.cpp">
      <Filter>src</Filter>
    </ClCompile>
    <ClCompile Include="src\memory.cpp">
      <Filter>src</Filter>
    </ClCompile>
    <ClCompile Include="src\executable.cpp">
      <Filter>src</Filter>
    </ClCompile>
    <ClCompile Include="src\sdma.cpp">
      <Filter>src</Filter>
    </ClCompile>
    <ClCompile Include="src\event.cpp">
      <Filter>src</Filter>
    </ClCompile>
    <ClCompile Include="src\queue.cpp">
      <Filter>src</Filter>
    </ClCompile>
    <ClCompile Include="src\kmthsa.cpp">
      <Filter>src</Filter>
    </ClCompile>
    <ClCompile Include="src\aql.cpp">
      <Filter>src</Filter>
    </ClCompile>
    <ClCompile Include="libamdhsacode\amd_elf_image.cpp">
      <Filter>libamdhsacode</Filter>
    </ClCompile>
    <ClCompile Include="libamdhsacode\amd_hsa_code.cpp">
      <Filter>libamdhsacode</Filter>
    </ClCompile>
    <ClCompile Include="libamdhsacode\amd_hsa_code_util.cpp">
      <Filter>libamdhsacode</Filter>
    </ClCompile>
  </ItemGroup>
  <ItemGroup>
    <None Include="kernel\build.py">
      <Filter>kernel</Filter>
    </None>
    <None Include="kernel\VectorAdd.co">
      <Filter>kernel</Filter>
    </None>
    <None Include="kernel\VectorAdd.s">
      <Filter>kernel</Filter>
    </None>
  </ItemGroup>
</Project>