<?xml version="1.0" encoding="utf-8"?>
<Project ToolsVersion="4.0" xmlns="http://schemas.microsoft.com/developer/msbuild/2003">
  <ItemGroup>
    <ClCompile Include="..\common\ff_cmd_args.cpp">
      <Filter>common</Filter>
    </ClCompile>
    <ClCompile Include="..\common\ff_file_opt.cpp">
      <Filter>common</Filter>
    </ClCompile>
    <ClCompile Include="..\common\ff_log.cpp">
      <Filter>common</Filter>
    </ClCompile>
    <ClCompile Include="..\common\ff_timer.cpp">
      <Filter>common</Filter>
    </ClCompile>
    <ClCompile Include="..\src\main.cpp">
      <Filter>src</Filter>
    </ClCompile>
    <ClCompile Include="..\src\hsa_queue_test.cpp">
      <Filter>src\hsa</Filter>
    </ClCompile>
    <ClCompile Include="..\src\hsa_mem_test.cpp">
      <Filter>src\hsa</Filter>
    </ClCompile>
    <ClCompile Include="..\src\hsa_info_test.cpp">
      <Filter>src\hsa</Filter>
    </ClCompile>
  </ItemGroup>
  <ItemGroup>
    <ClInclude Include="..\common\ff_basic.h">
      <Filter>common</Filter>
    </ClInclude>
    <ClInclude Include="..\common\ff_cmd_args.h">
      <Filter>common</Filter>
    </ClInclude>
    <ClInclude Include="..\common\ff_file_opt.h">
      <Filter>common</Filter>
    </ClInclude>
    <ClInclude Include="..\common\ff_log.h">
      <Filter>common</Filter>
    </ClInclude>
    <ClInclude Include="..\common\ff_math.h">
      <Filter>common</Filter>
    </ClInclude>
    <ClInclude Include="..\common\ff_timer.h">
      <Filter>common</Filter>
    </ClInclude>
    <ClInclude Include="..\common\ff_utils.h">
      <Filter>common</Filter>
    </ClInclude>
    <ClInclude Include="..\libhsakmt\hsakmt.h">
      <Filter>hsakmt</Filter>
    </ClInclude>
    <ClInclude Include="..\libhsakmt\hsakmttypes.h">
      <Filter>hsakmt</Filter>
    </ClInclude>
    <ClInclude Include="..\libhsakmt\linux\kfd_ioctl.h">
      <Filter>hsakmt</Filter>
    </ClInclude>
    <ClInclude Include="..\src\hsa_test.h">
      <Filter>src\hsa</Filter>
    </ClInclude>
  </ItemGroup>
  <ItemGroup>
    <Filter Include="common">
      <UniqueIdentifier>{e27dbd68-26f7-4d90-9e51-2234e3d21536}</UniqueIdentifier>
    </Filter>
    <Filter Include="src">
      <UniqueIdentifier>{948835d9-7817-4f3e-9af1-65d036f0bd0b}</UniqueIdentifier>
    </Filter>
    <Filter Include="hsakmt">
      <UniqueIdentifier>{02a424e1-26f8-4734-9ee3-454d38e2e27c}</UniqueIdentifier>
    </Filter>
    <Filter Include="src\hsa">
      <UniqueIdentifier>{a2964ce9-a0a0-42f5-bc45-6b29c620464f}</UniqueIdentifier>
    </Filter>
    <Filter Include="src\kmt">
      <UniqueIdentifier>{2b33dff7-2e82-4586-a59e-f7fc5c34d65b}</UniqueIdentifier>
    </Filter>
  </ItemGroup>
</Project>